hash: c0fabbf902e987c36fabea437f95ddbfad2ba44c58b088c4c6c6411f45efab9c
updated: 2017-08-19T12:00:19.585532914+08:00
imports:
- name: github.com/soniakeys/meeus
  version: 3dd2d4223a5dfe14523259f8e22ecd78ebe4bb7d
  subpackages:
  - base
  - coord
  - elementequinox
  - globe
  - julian
  - moonphase
  - nutation
  - planetposition
  - precess
  - solar
  - solstice
- name: github.com/soniakeys/sexagesimal
  version: f0ae4ddc0a5d62b465dbc028c256f0a661c4a99f
- name: github.com/soniakeys/unit
  version: d2387de21ca96ad92a8cdbcb3e82a828a4ae0c5f
testImports:
- name: github.com/davecgh/go-spew
  version: 6d212800a42e8ab5c146b8ace3490ee17e5225f9
  subpackages:
  - spew
- name: github.com/pmezard/go-difflib
  version: d8ed2627bdf02c080bf22230dbb337003b7aba2d
  subpackages:
  - difflib
- name: github.com/stretchr/testify
  version: 69483b4bd14f5845b5a1e55bca19e954e827f1d0
  subpackages:
  - assert
